{
  "name": "TTA.dev-cline",
  "lockfileVersion": 3,
  "requires": true,
  "packages": {
    "": {
      "dependencies": {
        "cline": "^0.8.2",
        "node": "^25.1.0"
      }
    },
    "node_modules/cline": {
      "version": "0.8.2",
      "resolved": "https://registry.npmjs.org/cline/-/cline-0.8.2.tgz",
      "integrity": "sha512-xcRdiR3vm9XdLmsMkK3XkKOHzOmKxl8eVTO739O6KinC0kRdCGV4jYnItccNMReymKYhQ9obOlMscic5spP3mQ==",
      "engines": {
        "node": ">=0.8.x"
      }
    },
    "node_modules/node": {
      "version": "25.2.0",
      "resolved": "https://registry.npmjs.org/node/-/node-25.2.0.tgz",
      "integrity": "sha512-7UVwgVtj9dGbhopKMAwJKHhOwAactLFuD4A9xMg5RAf963jKUAMcJnQIHg18DQ/J3G2c2HnKuHWmckGe3Kxysw==",
      "hasInstallScript": true,
      "license": "MIT",
      "dependencies": {
        "node-bin-setup": "^1.0.0"
      },
      "bin": {
        "node": "bin/node"
      },
      "engines": {
        "npm": ">=5.0.0"
      }
    },
    "node_modules/node-bin-setup": {
      "version": "1.1.4",
      "resolved": "https://registry.npmjs.org/node-bin-setup/-/node-bin-setup-1.1.4.tgz",
      "integrity": "sha512-vWNHOne0ZUavArqPP5LJta50+S8R261Fr5SvGul37HbEDcowvLjwdvd0ZeSr0r2lTSrPxl6okq9QUw8BFGiAxA==",
      "license": "ISC"
    }
  }
}
